
Microsoft Visual Studio Solution File, Format Version 12.00
# Visual Studio Version 16
VisualStudioVersion = 16.0.30907.101
MinimumVisualStudioVersion = 10.0.40219.1
Project("{FAE04EC0-301F-11D3-BF4B-00C04F79EFBC}") = "Method-Hiding", "Method-Hiding.csproj", "{439290D9-CF09-4B2B-A96E-B901C5674319}"
EndProject
Global
	GlobalSection(SolutionConfigurationPlatforms) = preSolution
		Debug|Any CPU = Debug|Any CPU
		Release|Any CPU = Release|Any CPU
	EndGlobalSection
	GlobalSection(ProjectConfigurationPlatforms) = postSolution
		{439290D9-CF09-4B2B-A96E-B901C5674319}.Debug|Any CPU.ActiveCfg = Debug|Any CPU
		{439290D9-CF09-4B2B-A96E-B901C5674319}.Debug|Any CPU.Build.0 = Debug|Any CPU
		{439290D9-CF09-4B2B-A96E-B901C5674319}.Release|Any CPU.ActiveCfg = Release|Any CPU
		{439290D9-CF09-4B2B-A96E-B901C5674319}.Release|Any CPU.Build.0 = Release|Any CPU
	EndGlobalSection
	GlobalSection(SolutionProperties) = preSolution
		HideSolutionNode = FALSE
	EndGlobalSection
	GlobalSection(ExtensibilityGlobals) = postSolution
		SolutionGuid = {D8E31708-F1A2-4A60-8670-DFA1FB0883B9}
	EndGlobalSection
EndGlobal
