
Microsoft Visual Studio Solution File, Format Version 12.00
# Visual Studio Version 16
VisualStudioVersion = 16.0.30907.101
MinimumVisualStudioVersion = 10.0.40219.1
Project("{FAE04EC0-301F-11D3-BF4B-00C04F79EFBC}") = "Inheritance", "Inheritance.csproj", "{525B4548-FED8-4D3D-BC3D-2D5303B1ED4B}"
EndProject
Global
	GlobalSection(SolutionConfigurationPlatforms) = preSolution
		Debug|Any CPU = Debug|Any CPU
		Release|Any CPU = Release|Any CPU
	EndGlobalSection
	GlobalSection(ProjectConfigurationPlatforms) = postSolution
		{525B4548-FED8-4D3D-BC3D-2D5303B1ED4B}.Debug|Any CPU.ActiveCfg = Debug|Any CPU
		{525B4548-FED8-4D3D-BC3D-2D5303B1ED4B}.Debug|Any CPU.Build.0 = Debug|Any CPU
		{525B4548-FED8-4D3D-BC3D-2D5303B1ED4B}.Release|Any CPU.ActiveCfg = Release|Any CPU
		{525B4548-FED8-4D3D-BC3D-2D5303B1ED4B}.Release|Any CPU.Build.0 = Release|Any CPU
	EndGlobalSection
	GlobalSection(SolutionProperties) = preSolution
		HideSolutionNode = FALSE
	EndGlobalSection
	GlobalSection(ExtensibilityGlobals) = postSolution
		SolutionGuid = {C4CDD977-F345-482C-B4E9-C257230C86F6}
	EndGlobalSection
EndGlobal
