
Microsoft Visual Studio Solution File, Format Version 12.00
# Visual Studio Version 16
VisualStudioVersion = 16.0.30907.101
MinimumVisualStudioVersion = 10.0.40219.1
Project("{FAE04EC0-301F-11D3-BF4B-00C04F79EFBC}") = "Interfaces", "Interfaces.csproj", "{F63A4254-EDCF-472B-B238-32DA99241867}"
EndProject
Global
	GlobalSection(SolutionConfigurationPlatforms) = preSolution
		Debug|Any CPU = Debug|Any CPU
		Release|Any CPU = Release|Any CPU
	EndGlobalSection
	GlobalSection(ProjectConfigurationPlatforms) = postSolution
		{F63A4254-EDCF-472B-B238-32DA99241867}.Debug|Any CPU.ActiveCfg = Debug|Any CPU
		{F63A4254-EDCF-472B-B238-32DA99241867}.Debug|Any CPU.Build.0 = Debug|Any CPU
		{F63A4254-EDCF-472B-B238-32DA99241867}.Release|Any CPU.ActiveCfg = Release|Any CPU
		{F63A4254-EDCF-472B-B238-32DA99241867}.Release|Any CPU.Build.0 = Release|Any CPU
	EndGlobalSection
	GlobalSection(SolutionProperties) = preSolution
		HideSolutionNode = FALSE
	EndGlobalSection
	GlobalSection(ExtensibilityGlobals) = postSolution
		SolutionGuid = {5ED271DD-5862-4B5A-9C5E-DA97DD1A19D9}
	EndGlobalSection
EndGlobal
